{
  "originHash" : "6d615620600affe00b8681542193979ce0ef353bc073bb75825e544f24f10bf9",
  "pins" : [
    {
      "identity" : "kingfisher",
      "kind" : "remoteSourceControl",
      "location" : "https://github.com/onevcat/Kingfisher/",
      "state" : {
        "revision" : "3db26ab625d194c38e68c1a40e43d1bc12743fe0",
        "version" : "8.2.0"
      }
    },
    {
      "identity" : "progresshud",
      "kind" : "remoteSourceControl",
      "location" : "https://github.com/relatedcode/ProgressHUD",
      "state" : {
        "revision" : "9364904a42cb25f58d026451140c4080a868e72e",
        "version" : "14.1.3"
      }
    }
  ],
  "version" : 3
}
